
Microsoft Visual Studio Solution File, Format Version 12.00
# Visual Studio 2012
Project("{FAE04EC0-301F-11D3-BF4B-00C04F79EFBC}") = "ExtractTillYouDrop", "ExtractTillYouDrop.csproj", "{FF10D272-B6D0-4B9A-A13C-F4AEAAEC2F41}"
EndProject
Global
	GlobalSection(SolutionConfigurationPlatforms) = preSolution
		Debug|Any CPU = Debug|Any CPU
		Release|Any CPU = Release|Any CPU
	EndGlobalSection
	GlobalSection(ProjectConfigurationPlatforms) = postSolution
		{FF10D272-B6D0-4B9A-A13C-F4AEAAEC2F41}.Debug|Any CPU.ActiveCfg = Debug|Any CPU
		{FF10D272-B6D0-4B9A-A13C-F4AEAAEC2F41}.Debug|Any CPU.Build.0 = Debug|Any CPU
		{FF10D272-B6D0-4B9A-A13C-F4AEAAEC2F41}.Release|Any CPU.ActiveCfg = Release|Any CPU
		{FF10D272-B6D0-4B9A-A13C-F4AEAAEC2F41}.Release|Any CPU.Build.0 = Release|Any CPU
	EndGlobalSection
	GlobalSection(SolutionProperties) = preSolution
		HideSolutionNode = FALSE
	EndGlobalSection
EndGlobal
